
Microsoft Visual Studio Solution File, Format Version 12.00
# Visual Studio 15
VisualStudioVersion = 15.0.27703.2047
MinimumVisualStudioVersion = 10.0.40219.1
Project("{2150E333-8FDC-42A3-9474-1A3956D46DE8}") = "Web", "Web", "{DE9FEBA5-3AD4-407E-B046-B82A7314E046}"
EndProject
Project("{FAE04EC0-301F-11D3-BF4B-00C04F79EFBC}") = "PartyInvites", "PartyInvites\PartyInvites.csproj", "{02CE8E29-9328-41B9-A92C-37D561C0A66B}"
EndProject
Global
	GlobalSection(SolutionConfigurationPlatforms) = preSolution
		Debug|Any CPU = Debug|Any CPU
		Release|Any CPU = Release|Any CPU
	EndGlobalSection
	GlobalSection(ProjectConfigurationPlatforms) = postSolution
		{02CE8E29-9328-41B9-A92C-37D561C0A66B}.Debug|Any CPU.ActiveCfg = Debug|Any CPU
		{02CE8E29-9328-41B9-A92C-37D561C0A66B}.Debug|Any CPU.Build.0 = Debug|Any CPU
		{02CE8E29-9328-41B9-A92C-37D561C0A66B}.Release|Any CPU.ActiveCfg = Release|Any CPU
		{02CE8E29-9328-41B9-A92C-37D561C0A66B}.Release|Any CPU.Build.0 = Release|Any CPU
	EndGlobalSection
	GlobalSection(SolutionProperties) = preSolution
		HideSolutionNode = FALSE
	EndGlobalSection
	GlobalSection(NestedProjects) = preSolution
		{02CE8E29-9328-41B9-A92C-37D561C0A66B} = {DE9FEBA5-3AD4-407E-B046-B82A7314E046}
	EndGlobalSection
	GlobalSection(ExtensibilityGlobals) = postSolution
		SolutionGuid = {7AFB85D9-2E66-40A0-8FB9-C5F4182EF82C}
	EndGlobalSection
EndGlobal
